
Microsoft Visual Studio Solution File, Format Version 12.00
# Visual Studio Version 16
VisualStudioVersion = 16.0.30225.117
MinimumVisualStudioVersion = 10.0.40219.1
Project("{9A19103F-16F7-4668-BE54-9A1E7A4F7556}") = "CrowdfindingApp.Core", "src\CrowdfindingApp.Core\CrowdfindingApp.Core.csproj", "{C91F3ED0-FC95-44E6-B653-E32A588305A1}"
EndProject
Project("{9A19103F-16F7-4668-BE54-9A1E7A4F7556}") = "CrowdfindingApp.Api", "src\CrowdfindingApp.Api\CrowdfindingApp.Api.csproj", "{899B1CB7-D9E4-4FF7-913D-5484FCA10C04}"
EndProject
Project("{9A19103F-16F7-4668-BE54-9A1E7A4F7556}") = "CrowdfindingApp.Data", "src\CrowdfindingApp.Data\CrowdfindingApp.Data.csproj", "{8D2482FF-BC95-46AD-B734-3846E6706AEF}"
EndProject
Project("{9A19103F-16F7-4668-BE54-9A1E7A4F7556}") = "CrowdfindingApp.Common", "src\CrowdfindingApp.Common\CrowdfindingApp.Common.csproj", "{FD25DD74-F25C-4D1B-84D8-4C5645DDA6F0}"
EndProject
Project("{9A19103F-16F7-4668-BE54-9A1E7A4F7556}") = "CrowdfindingApp.Common.Data", "src\CrowdfindingApp.Data.Common\CrowdfindingApp.Common.Data.csproj", "{3A85172E-AB54-430C-B87C-98FD2B5E94AE}"
EndProject
Project("{FAE04EC0-301F-11D3-BF4B-00C04F79EFBC}") = "CrowdfundingApp.Common.Core", "src\CrowdfundingApp.Common.Core\CrowdfundingApp.Common.Core.csproj", "{47B22696-9213-4812-ADC1-64D45F6DA1C1}"
EndProject
Global
	GlobalSection(SolutionConfigurationPlatforms) = preSolution
		Debug|Any CPU = Debug|Any CPU
		Release|Any CPU = Release|Any CPU
	EndGlobalSection
	GlobalSection(ProjectConfigurationPlatforms) = postSolution
		{C91F3ED0-FC95-44E6-B653-E32A588305A1}.Debug|Any CPU.ActiveCfg = Debug|Any CPU
		{C91F3ED0-FC95-44E6-B653-E32A588305A1}.Debug|Any CPU.Build.0 = Debug|Any CPU
		{C91F3ED0-FC95-44E6-B653-E32A588305A1}.Release|Any CPU.ActiveCfg = Release|Any CPU
		{C91F3ED0-FC95-44E6-B653-E32A588305A1}.Release|Any CPU.Build.0 = Release|Any CPU
		{899B1CB7-D9E4-4FF7-913D-5484FCA10C04}.Debug|Any CPU.ActiveCfg = Debug|Any CPU
		{899B1CB7-D9E4-4FF7-913D-5484FCA10C04}.Debug|Any CPU.Build.0 = Debug|Any CPU
		{899B1CB7-D9E4-4FF7-913D-5484FCA10C04}.Release|Any CPU.ActiveCfg = Release|Any CPU
		{899B1CB7-D9E4-4FF7-913D-5484FCA10C04}.Release|Any CPU.Build.0 = Release|Any CPU
		{8D2482FF-BC95-46AD-B734-3846E6706AEF}.Debug|Any CPU.ActiveCfg = Debug|Any CPU
		{8D2482FF-BC95-46AD-B734-3846E6706AEF}.Debug|Any CPU.Build.0 = Debug|Any CPU
		{8D2482FF-BC95-46AD-B734-3846E6706AEF}.Release|Any CPU.ActiveCfg = Release|Any CPU
		{8D2482FF-BC95-46AD-B734-3846E6706AEF}.Release|Any CPU.Build.0 = Release|Any CPU
		{FD25DD74-F25C-4D1B-84D8-4C5645DDA6F0}.Debug|Any CPU.ActiveCfg = Debug|Any CPU
		{FD25DD74-F25C-4D1B-84D8-4C5645DDA6F0}.Debug|Any CPU.Build.0 = Debug|Any CPU
		{FD25DD74-F25C-4D1B-84D8-4C5645DDA6F0}.Release|Any CPU.ActiveCfg = Release|Any CPU
		{FD25DD74-F25C-4D1B-84D8-4C5645DDA6F0}.Release|Any CPU.Build.0 = Release|Any CPU
		{3A85172E-AB54-430C-B87C-98FD2B5E94AE}.Debug|Any CPU.ActiveCfg = Debug|Any CPU
		{3A85172E-AB54-430C-B87C-98FD2B5E94AE}.Debug|Any CPU.Build.0 = Debug|Any CPU
		{3A85172E-AB54-430C-B87C-98FD2B5E94AE}.Release|Any CPU.ActiveCfg = Release|Any CPU
		{3A85172E-AB54-430C-B87C-98FD2B5E94AE}.Release|Any CPU.Build.0 = Release|Any CPU
		{47B22696-9213-4812-ADC1-64D45F6DA1C1}.Debug|Any CPU.ActiveCfg = Debug|Any CPU
		{47B22696-9213-4812-ADC1-64D45F6DA1C1}.Debug|Any CPU.Build.0 = Debug|Any CPU
		{47B22696-9213-4812-ADC1-64D45F6DA1C1}.Release|Any CPU.ActiveCfg = Release|Any CPU
		{47B22696-9213-4812-ADC1-64D45F6DA1C1}.Release|Any CPU.Build.0 = Release|Any CPU
	EndGlobalSection
	GlobalSection(SolutionProperties) = preSolution
		HideSolutionNode = FALSE
	EndGlobalSection
	GlobalSection(ExtensibilityGlobals) = postSolution
		SolutionGuid = {5C123E9A-B41D-4C7F-AF78-832A9DCE84D1}
	EndGlobalSection
EndGlobal
